// !$*UTF8*$!
{
	archiveVersion = 1;
	classes = {
	};
	objectVersion = 46;
	objects = {

/* Begin PBXBuildFile section */
		1D3623260D0F684500981E51 /* iAUMAppDelegate.m in Sources */ = {isa = PBXBuildFile; fileRef = 1D3623250D0F684500981E51 /* iAUMAppDelegate.m */; };
		1D60589B0D05DD56006BFB54 /* main.m in Sources */ = {isa = PBXBuildFile; fileRef = 29B97316FDCFA39411CA2CEA /* main.m */; };
		1D60589F0D05DD5A006BFB54 /* Foundation.framework in Frameworks */ = {isa = PBXBuildFile; fileRef = 1D30AB110D05D00D00671497 /* Foundation.framework */; };
		1DF5F4E00D08C38300B7A737 /* UIKit.framework in Frameworks */ = {isa = PBXBuildFile; fileRef = 1DF5F4DF0D08C38300B7A737 /* UIKit.framework */; };
		288765FD0DF74451002DB57D /* CoreGraphics.framework in Frameworks */ = {isa = PBXBuildFile; fileRef = 288765FC0DF74451002DB57D /* CoreGraphics.framework */; };
		435E82341219872D001F6FE9 /* actionViewProfile.png in Resources */ = {isa = PBXBuildFile; fileRef = 435E82331219872D001F6FE9 /* actionViewProfile.png */; };
		435E83391219A6EA001F6FE9 /* iAUMLabel.m in Sources */ = {isa = PBXBuildFile; fileRef = 435E83381219A6EA001F6FE9 /* iAUMLabel.m */; };
		435E835E1219A8E5001F6FE9 /* iAUMImageViewer.m in Sources */ = {isa = PBXBuildFile; fileRef = 435E835D1219A8E5001F6FE9 /* iAUMImageViewer.m */; };
		439AA39D12140BA0004AC2E4 /* ProfileViewController.m in Sources */ = {isa = PBXBuildFile; fileRef = 439AA39C12140BA0004AC2E4 /* ProfileViewController.m */; };
		439AA3A4121413A7004AC2E4 /* iAUMCache.m in Sources */ = {isa = PBXBuildFile; fileRef = 439AA3A3121413A7004AC2E4 /* iAUMCache.m */; };
		439AA5A91214E92E004AC2E4 /* Makefile in Sources */ = {isa = PBXBuildFile; fileRef = 439AA5A81214E92E004AC2E4 /* Makefile */; };
		439AA60112160B58004AC2E4 /* iAUMListViewController.m in Sources */ = {isa = PBXBuildFile; fileRef = 439AA60012160B58004AC2E4 /* iAUMListViewController.m */; };
		439AA61D121611D5004AC2E4 /* VisitsViewController.m in Sources */ = {isa = PBXBuildFile; fileRef = 439AA61C121611D5004AC2E4 /* VisitsViewController.m */; };
		439AA6B312161DDD004AC2E4 /* BasketViewController.m in Sources */ = {isa = PBXBuildFile; fileRef = 439AA6B212161DDD004AC2E4 /* BasketViewController.m */; };
		43AF7A8912174E2100AFE61E /* QuartzCore.framework in Frameworks */ = {isa = PBXBuildFile; fileRef = 43AF7A8812174E2100AFE61E /* QuartzCore.framework */; };
		43AF7BE312180B8900AFE61E /* ABTableViewCell.m in Sources */ = {isa = PBXBuildFile; fileRef = 43AF7BE212180B8900AFE61E /* ABTableViewCell.m */; };
		43CA4472120F1E370008B320 /* HttpRequest.m in Sources */ = {isa = PBXBuildFile; fileRef = 43CA4471120F1E370008B320 /* HttpRequest.m */; };
		43CA44AB120F2BC40008B320 /* libSystem.dylib in Frameworks */ = {isa = PBXBuildFile; fileRef = 43CA44AA120F2BC40008B320 /* libSystem.dylib */; };
		43CA44B1120F30620008B320 /* iAUMTools.m in Sources */ = {isa = PBXBuildFile; fileRef = 43CA44B0120F30620008B320 /* iAUMTools.m */; };
		43CA46E71210172E0008B320 /* NSObject+SBJSON.m in Sources */ = {isa = PBXBuildFile; fileRef = 43CA46DE1210172E0008B320 /* NSObject+SBJSON.m */; };
		43CA46E81210172E0008B320 /* NSString+SBJSON.m in Sources */ = {isa = PBXBuildFile; fileRef = 43CA46E01210172E0008B320 /* NSString+SBJSON.m */; };
		43CA46E91210172E0008B320 /* SBJsonBase.m in Sources */ = {isa = PBXBuildFile; fileRef = 43CA46E21210172E0008B320 /* SBJsonBase.m */; };
		43CA46EA1210172E0008B320 /* SBJsonParser.m in Sources */ = {isa = PBXBuildFile; fileRef = 43CA46E41210172E0008B320 /* SBJsonParser.m */; };
		43CA46EB1210172E0008B320 /* SBJsonWriter.m in Sources */ = {isa = PBXBuildFile; fileRef = 43CA46E61210172E0008B320 /* SBJsonWriter.m */; };
		43CA47611210B5910008B320 /* SettingsViewController.m in Sources */ = {isa = PBXBuildFile; fileRef = 43CA47601210B5910008B320 /* SettingsViewController.m */; };
		43CA47CA1210BB580008B320 /* SettingsDetailCell.m in Sources */ = {isa = PBXBuildFile; fileRef = 43CA47C91210BB580008B320 /* SettingsDetailCell.m */; };
		43CA49C11212D24F0008B320 /* CharmsViewController.m in Sources */ = {isa = PBXBuildFile; fileRef = 43CA49C01212D24F0008B320 /* CharmsViewController.m */; };
		43CA4A381212DA040008B320 /* iAUMSettings.m in Sources */ = {isa = PBXBuildFile; fileRef = 43CA4A371212DA040008B320 /* iAUMSettings.m */; };
		43CA4A941212E5BA0008B320 /* MiniProfileCell.m in Sources */ = {isa = PBXBuildFile; fileRef = 43CA4A931212E5BA0008B320 /* MiniProfileCell.m */; };
		7FC62DC71218BE750047B588 /* MiniProfileCellActionViewCharms.m in Sources */ = {isa = PBXBuildFile; fileRef = 7FC62DC61218BE750047B588 /* MiniProfileCellActionViewCharms.m */; };
		7FE4B5AA12195D5900B2FFA1 /* tabBarSettings.png in Resources */ = {isa = PBXBuildFile; fileRef = 7FE4B59E12195D5900B2FFA1 /* tabBarSettings.png */; };
		7FE4B5AB12195D5900B2FFA1 /* tabBarVisits.png in Resources */ = {isa = PBXBuildFile; fileRef = 7FE4B59F12195D5900B2FFA1 /* tabBarVisits.png */; };
		7FE4B5AC12195D5900B2FFA1 /* tabBarBasket.png in Resources */ = {isa = PBXBuildFile; fileRef = 7FE4B5A012195D5900B2FFA1 /* tabBarBasket.png */; };
		7FE4B5AD12195D5900B2FFA1 /* tabBarCharms.png in Resources */ = {isa = PBXBuildFile; fileRef = 7FE4B5A112195D5900B2FFA1 /* tabBarCharms.png */; };
		7FE4B5AE12195D5900B2FFA1 /* actionViewCharmAcceptSelected.png in Resources */ = {isa = PBXBuildFile; fileRef = 7FE4B5A412195D5900B2FFA1 /* actionViewCharmAcceptSelected.png */; };
		7FE4B5AF12195D5900B2FFA1 /* actionViewCharmAcceptNormal.png in Resources */ = {isa = PBXBuildFile; fileRef = 7FE4B5A512195D5900B2FFA1 /* actionViewCharmAcceptNormal.png */; };
		7FE4B5B012195D5900B2FFA1 /* actionViewCharmAcceptHighlighted.png in Resources */ = {isa = PBXBuildFile; fileRef = 7FE4B5A612195D5900B2FFA1 /* actionViewCharmAcceptHighlighted.png */; };
		7FE4B5B112195D5900B2FFA1 /* icon.png in Resources */ = {isa = PBXBuildFile; fileRef = 7FE4B5A712195D5900B2FFA1 /* icon.png */; };
		7FE4B5B212195D5900B2FFA1 /* ItunesArtwork.png in Resources */ = {isa = PBXBuildFile; fileRef = 7FE4B5A812195D5900B2FFA1 /* ItunesArtwork.png */; };
		7FE4B5B312195D5900B2FFA1 /* charmActionViewBG.png in Resources */ = {isa = PBXBuildFile; fileRef = 7FE4B5A912195D5900B2FFA1 /* charmActionViewBG.png */; };
		7FE4B5F012196B8E00B2FFA1 /* actionViewCharmBgPattern.png in Resources */ = {isa = PBXBuildFile; fileRef = 7FE4B5EF12196B8E00B2FFA1 /* actionViewCharmBgPattern.png */; };
/* End PBXBuildFile section */

/* Begin PBXFileReference section */
		1D30AB110D05D00D00671497 /* Foundation.framework */ = {isa = PBXFileReference; lastKnownFileType = wrapper.framework; name = Foundation.framework; path = System/Library/Frameworks/Foundation.framework; sourceTree = SDKROOT; };
		1D3623240D0F684500981E51 /* iAUMAppDelegate.h */ = {isa = PBXFileReference; fileEncoding = 4; lastKnownFileType = sourcecode.c.h; path = iAUMAppDelegate.h; sourceTree = "<group>"; };
		1D3623250D0F684500981E51 /* iAUMAppDelegate.m */ = {isa = PBXFileReference; fileEncoding = 4; lastKnownFileType = sourcecode.c.objc; path = iAUMAppDelegate.m; sourceTree = "<group>"; };
		1D6058910D05DD3D006BFB54 /* iAUM.app */ = {isa = PBXFileReference; explicitFileType = wrapper.application; includeInIndex = 0; path = iAUM.app; sourceTree = BUILT_PRODUCTS_DIR; };
		1DF5F4DF0D08C38300B7A737 /* UIKit.framework */ = {isa = PBXFileReference; lastKnownFileType = wrapper.framework; name = UIKit.framework; path = System/Library/Frameworks/UIKit.framework; sourceTree = SDKROOT; };
		288765FC0DF74451002DB57D /* CoreGraphics.framework */ = {isa = PBXFileReference; lastKnownFileType = wrapper.framework; name = CoreGraphics.framework; path = System/Library/Frameworks/CoreGraphics.framework; sourceTree = SDKROOT; };
		29B97316FDCFA39411CA2CEA /* main.m */ = {isa = PBXFileReference; fileEncoding = 4; lastKnownFileType = sourcecode.c.objc; path = main.m; sourceTree = "<group>"; };
		32CA4F630368D1EE00C91783 /* iAUM_Prefix.pch */ = {isa = PBXFileReference; fileEncoding = 4; lastKnownFileType = sourcecode.c.h; path = iAUM_Prefix.pch; sourceTree = "<group>"; };
		435E82331219872D001F6FE9 /* actionViewProfile.png */ = {isa = PBXFileReference; lastKnownFileType = image.png; name = actionViewProfile.png; path = charm/actionViewProfile.png; sourceTree = "<group>"; };
		435E83371219A6EA001F6FE9 /* iAUMLabel.h */ = {isa = PBXFileReference; fileEncoding = 4; lastKnownFileType = sourcecode.c.h; path = iAUMLabel.h; sourceTree = "<group>"; };
		435E83381219A6EA001F6FE9 /* iAUMLabel.m */ = {isa = PBXFileReference; fileEncoding = 4; lastKnownFileType = sourcecode.c.objc; path = iAUMLabel.m; sourceTree = "<group>"; };
		435E835C1219A8E5001F6FE9 /* iAUMImageViewer.h */ = {isa = PBXFileReference; fileEncoding = 4; lastKnownFileType = sourcecode.c.h; path = iAUMImageViewer.h; sourceTree = "<group>"; };
		435E835D1219A8E5001F6FE9 /* iAUMImageViewer.m */ = {isa = PBXFileReference; fileEncoding = 4; lastKnownFileType = sourcecode.c.objc; path = iAUMImageViewer.m; sourceTree = "<group>"; };
		439AA39B12140BA0004AC2E4 /* ProfileViewController.h */ = {isa = PBXFileReference; fileEncoding = 4; lastKnownFileType = sourcecode.c.h; path = ProfileViewController.h; sourceTree = "<group>"; };
		439AA39C12140BA0004AC2E4 /* ProfileViewController.m */ = {isa = PBXFileReference; fileEncoding = 4; lastKnownFileType = sourcecode.c.objc; path = ProfileViewController.m; sourceTree = "<group>"; };
		439AA3A2121413A7004AC2E4 /* iAUMCache.h */ = {isa = PBXFileReference; fileEncoding = 4; lastKnownFileType = sourcecode.c.h; path = iAUMCache.h; sourceTree = "<group>"; };
		439AA3A3121413A7004AC2E4 /* iAUMCache.m */ = {isa = PBXFileReference; fileEncoding = 4; lastKnownFileType = sourcecode.c.objc; path = iAUMCache.m; sourceTree = "<group>"; };
		439AA5A81214E92E004AC2E4 /* Makefile */ = {isa = PBXFileReference; fileEncoding = 4; lastKnownFileType = sourcecode.make; path = Makefile; sourceTree = "<group>"; };
		439AA5FF12160B58004AC2E4 /* iAUMListViewController.h */ = {isa = PBXFileReference; fileEncoding = 4; lastKnownFileType = sourcecode.c.h; path = iAUMListViewController.h; sourceTree = "<group>"; };
		439AA60012160B58004AC2E4 /* iAUMListViewController.m */ = {isa = PBXFileReference; fileEncoding = 4; lastKnownFileType = sourcecode.c.objc; path = iAUMListViewController.m; sourceTree = "<group>"; };
		439AA61B121611D5004AC2E4 /* VisitsViewController.h */ = {isa = PBXFileReference; fileEncoding = 4; lastKnownFileType = sourcecode.c.h; path = VisitsViewController.h; sourceTree = "<group>"; };
		439AA61C121611D5004AC2E4 /* VisitsViewController.m */ = {isa = PBXFileReference; fileEncoding = 4; lastKnownFileType = sourcecode.c.objc; path = VisitsViewController.m; sourceTree = "<group>"; };
		439AA6B112161DDD004AC2E4 /* BasketViewController.h */ = {isa = PBXFileReference; fileEncoding = 4; lastKnownFileType = sourcecode.c.h; path = BasketViewController.h; sourceTree = "<group>"; };
		439AA6B212161DDD004AC2E4 /* BasketViewController.m */ = {isa = PBXFileReference; fileEncoding = 4; lastKnownFileType = sourcecode.c.objc; path = BasketViewController.m; sourceTree = "<group>"; };
		43AF7A8812174E2100AFE61E /* QuartzCore.framework */ = {isa = PBXFileReference; lastKnownFileType = wrapper.framework; name = QuartzCore.framework; path = System/Library/Frameworks/QuartzCore.framework; sourceTree = SDKROOT; };
		43AF7BE112180B8900AFE61E /* ABTableViewCell.h */ = {isa = PBXFileReference; fileEncoding = 4; lastKnownFileType = sourcecode.c.h; path = ABTableViewCell.h; sourceTree = "<group>"; };
		43AF7BE212180B8900AFE61E /* ABTableViewCell.m */ = {isa = PBXFileReference; fileEncoding = 4; lastKnownFileType = sourcecode.c.objc; path = ABTableViewCell.m; sourceTree = "<group>"; };
		43CA4470120F1E370008B320 /* HttpRequest.h */ = {isa = PBXFileReference; fileEncoding = 4; lastKnownFileType = sourcecode.c.h; path = HttpRequest.h; sourceTree = "<group>"; };
		43CA4471120F1E370008B320 /* HttpRequest.m */ = {isa = PBXFileReference; fileEncoding = 4; lastKnownFileType = sourcecode.c.objc; path = HttpRequest.m; sourceTree = "<group>"; };
		43CA44AA120F2BC40008B320 /* libSystem.dylib */ = {isa = PBXFileReference; lastKnownFileType = "compiled.mach-o.dylib"; name = libSystem.dylib; path = usr/lib/libSystem.dylib; sourceTree = SDKROOT; };
		43CA44AF120F30620008B320 /* iAUMTools.h */ = {isa = PBXFileReference; fileEncoding = 4; lastKnownFileType = sourcecode.c.h; path = iAUMTools.h; sourceTree = "<group>"; };
		43CA44B0120F30620008B320 /* iAUMTools.m */ = {isa = PBXFileReference; fileEncoding = 4; lastKnownFileType = sourcecode.c.objc; path = iAUMTools.m; sourceTree = "<group>"; };
		43CA46DC1210172E0008B320 /* JSON.h */ = {isa = PBXFileReference; fileEncoding = 4; lastKnownFileType = sourcecode.c.h; path = JSON.h; sourceTree = "<group>"; };
		43CA46DD1210172E0008B320 /* NSObject+SBJSON.h */ = {isa = PBXFileReference; fileEncoding = 4; lastKnownFileType = sourcecode.c.h; path = "NSObject+SBJSON.h"; sourceTree = "<group>"; };
		43CA46DE1210172E0008B320 /* NSObject+SBJSON.m */ = {isa = PBXFileReference; fileEncoding = 4; lastKnownFileType = sourcecode.c.objc; path = "NSObject+SBJSON.m"; sourceTree = "<group>"; };
		43CA46DF1210172E0008B320 /* NSString+SBJSON.h */ = {isa = PBXFileReference; fileEncoding = 4; lastKnownFileType = sourcecode.c.h; path = "NSString+SBJSON.h"; sourceTree = "<group>"; };
		43CA46E01210172E0008B320 /* NSString+SBJSON.m */ = {isa = PBXFileReference; fileEncoding = 4; lastKnownFileType = sourcecode.c.objc; path = "NSString+SBJSON.m"; sourceTree = "<group>"; };
		43CA46E11210172E0008B320 /* SBJsonBase.h */ = {isa = PBXFileReference; fileEncoding = 4; lastKnownFileType = sourcecode.c.h; path = SBJsonBase.h; sourceTree = "<group>"; };
		43CA46E21210172E0008B320 /* SBJsonBase.m */ = {isa = PBXFileReference; fileEncoding = 4; lastKnownFileType = sourcecode.c.objc; path = SBJsonBase.m; sourceTree = "<group>"; };
		43CA46E31210172E0008B320 /* SBJsonParser.h */ = {isa = PBXFileReference; fileEncoding = 4; lastKnownFileType = sourcecode.c.h; path = SBJsonParser.h; sourceTree = "<group>"; };
		43CA46E41210172E0008B320 /* SBJsonParser.m */ = {isa = PBXFileReference; fileEncoding = 4; lastKnownFileType = sourcecode.c.objc; path = SBJsonParser.m; sourceTree = "<group>"; };
		43CA46E51210172E0008B320 /* SBJsonWriter.h */ = {isa = PBXFileReference; fileEncoding = 4; lastKnownFileType = sourcecode.c.h; path = SBJsonWriter.h; sourceTree = "<group>"; };
		43CA46E61210172E0008B320 /* SBJsonWriter.m */ = {isa = PBXFileReference; fileEncoding = 4; lastKnownFileType = sourcecode.c.objc; path = SBJsonWriter.m; sourceTree = "<group>"; };
		43CA475F1210B5910008B320 /* SettingsViewController.h */ = {isa = PBXFileReference; fileEncoding = 4; lastKnownFileType = sourcecode.c.h; path = SettingsViewController.h; sourceTree = "<group>"; };
		43CA47601210B5910008B320 /* SettingsViewController.m */ = {isa = PBXFileReference; fileEncoding = 4; lastKnownFileType = sourcecode.c.objc; path = SettingsViewController.m; sourceTree = "<group>"; };
		43CA47C81210BB580008B320 /* SettingsDetailCell.h */ = {isa = PBXFileReference; fileEncoding = 4; lastKnownFileType = sourcecode.c.h; path = SettingsDetailCell.h; sourceTree = "<group>"; };
		43CA47C91210BB580008B320 /* SettingsDetailCell.m */ = {isa = PBXFileReference; fileEncoding = 4; lastKnownFileType = sourcecode.c.objc; path = SettingsDetailCell.m; sourceTree = "<group>"; };
		43CA490612116E980008B320 /* iAUMConstants.h */ = {isa = PBXFileReference; fileEncoding = 4; lastKnownFileType = sourcecode.c.h; path = iAUMConstants.h; sourceTree = "<group>"; };
		43CA49BF1212D24F0008B320 /* CharmsViewController.h */ = {isa = PBXFileReference; fileEncoding = 4; lastKnownFileType = sourcecode.c.h; path = CharmsViewController.h; sourceTree = "<group>"; };
		43CA49C01212D24F0008B320 /* CharmsViewController.m */ = {isa = PBXFileReference; fileEncoding = 4; lastKnownFileType = sourcecode.c.objc; path = CharmsViewController.m; sourceTree = "<group>"; };
		43CA4A361212DA040008B320 /* iAUMSettings.h */ = {isa = PBXFileReference; fileEncoding = 4; lastKnownFileType = sourcecode.c.h; path = iAUMSettings.h; sourceTree = "<group>"; };
		43CA4A371212DA040008B320 /* iAUMSettings.m */ = {isa = PBXFileReference; fileEncoding = 4; lastKnownFileType = sourcecode.c.objc; path = iAUMSettings.m; sourceTree = "<group>"; };
		43CA4A921212E5BA0008B320 /* MiniProfileCell.h */ = {isa = PBXFileReference; fileEncoding = 4; lastKnownFileType = sourcecode.c.h; path = MiniProfileCell.h; sourceTree = "<group>"; };
		43CA4A931212E5BA0008B320 /* MiniProfileCell.m */ = {isa = PBXFileReference; fileEncoding = 4; lastKnownFileType = sourcecode.c.objc; path = MiniProfileCell.m; sourceTree = "<group>"; };
		7FC62DC51218BE750047B588 /* MiniProfileCellActionViewCharms.h */ = {isa = PBXFileReference; fileEncoding = 4; lastKnownFileType = sourcecode.c.h; path = MiniProfileCellActionViewCharms.h; sourceTree = "<group>"; };
		7FC62DC61218BE750047B588 /* MiniProfileCellActionViewCharms.m */ = {isa = PBXFileReference; fileEncoding = 4; lastKnownFileType = sourcecode.c.objc; path = MiniProfileCellActionViewCharms.m; sourceTree = "<group>"; };
		7FE4B59E12195D5900B2FFA1 /* tabBarSettings.png */ = {isa = PBXFileReference; lastKnownFileType = image.png; path = tabBarSettings.png; sourceTree = "<group>"; };
		7FE4B59F12195D5900B2FFA1 /* tabBarVisits.png */ = {isa = PBXFileReference; lastKnownFileType = image.png; path = tabBarVisits.png; sourceTree = "<group>"; };
		7FE4B5A012195D5900B2FFA1 /* tabBarBasket.png */ = {isa = PBXFileReference; lastKnownFileType = image.png; path = tabBarBasket.png; sourceTree = "<group>"; };
		7FE4B5A112195D5900B2FFA1 /* tabBarCharms.png */ = {isa = PBXFileReference; lastKnownFileType = image.png; path = tabBarCharms.png; sourceTree = "<group>"; };
		7FE4B5A412195D5900B2FFA1 /* actionViewCharmAcceptSelected.png */ = {isa = PBXFileReference; lastKnownFileType = image.png; path = actionViewCharmAcceptSelected.png; sourceTree = "<group>"; };
		7FE4B5A512195D5900B2FFA1 /* actionViewCharmAcceptNormal.png */ = {isa = PBXFileReference; lastKnownFileType = image.png; path = actionViewCharmAcceptNormal.png; sourceTree = "<group>"; };
		7FE4B5A612195D5900B2FFA1 /* actionViewCharmAcceptHighlighted.png */ = {isa = PBXFileReference; lastKnownFileType = image.png; path = actionViewCharmAcceptHighlighted.png; sourceTree = "<group>"; };
		7FE4B5A712195D5900B2FFA1 /* icon.png */ = {isa = PBXFileReference; lastKnownFileType = image.png; path = icon.png; sourceTree = "<group>"; };
		7FE4B5A812195D5900B2FFA1 /* ItunesArtwork.png */ = {isa = PBXFileReference; lastKnownFileType = image.png; path = ItunesArtwork.png; sourceTree = "<group>"; };
		7FE4B5A912195D5900B2FFA1 /* charmActionViewBG.png */ = {isa = PBXFileReference; lastKnownFileType = image.png; path = charmActionViewBG.png; sourceTree = "<group>"; };
		7FE4B5EF12196B8E00B2FFA1 /* actionViewCharmBgPattern.png */ = {isa = PBXFileReference; lastKnownFileType = image.png; path = actionViewCharmBgPattern.png; sourceTree = "<group>"; };
		8D1107310486CEB800E47090 /* iAUM-Info.plist */ = {isa = PBXFileReference; fileEncoding = 4; lastKnownFileType = text.plist.xml; path = "iAUM-Info.plist"; plistStructureDefinitionIdentifier = "com.apple.xcode.plist.structure-definition.iphone.info-plist"; sourceTree = "<group>"; };
/* End PBXFileReference section */

/* Begin PBXFrameworksBuildPhase section */
		1D60588F0D05DD3D006BFB54 /* Frameworks */ = {
			isa = PBXFrameworksBuildPhase;
			buildActionMask = 2147483647;
			files = (
				1D60589F0D05DD5A006BFB54 /* Foundation.framework in Frameworks */,
				1DF5F4E00D08C38300B7A737 /* UIKit.framework in Frameworks */,
				288765FD0DF74451002DB57D /* CoreGraphics.framework in Frameworks */,
				43CA44AB120F2BC40008B320 /* libSystem.dylib in Frameworks */,
				43AF7A8912174E2100AFE61E /* QuartzCore.framework in Frameworks */,
			);
			runOnlyForDeploymentPostprocessing = 0;
		};
/* End PBXFrameworksBuildPhase section */

/* Begin PBXGroup section */
		080E96DDFE201D6D7F000001 /* Classes */ = {
			isa = PBXGroup;
			children = (
				439AA7A51216BC76004AC2E4 /* Views */,
				43CA46F61210AD4B0008B320 /* ViewControllers */,
				43CA46DB1210172E0008B320 /* JSON */,
				43CA44AE120F2FE90008B320 /* library */,
				43CA448C120F22E70008B320 /* Client */,
				1D3623240D0F684500981E51 /* iAUMAppDelegate.h */,
				1D3623250D0F684500981E51 /* iAUMAppDelegate.m */,
			);
			path = Classes;
			sourceTree = "<group>";
		};
		19C28FACFE9D520D11CA2CBB /* Products */ = {
			isa = PBXGroup;
			children = (
				1D6058910D05DD3D006BFB54 /* iAUM.app */,
			);
			name = Products;
			sourceTree = "<group>";
		};
		29B97314FDCFA39411CA2CEA /* CustomTemplate */ = {
			isa = PBXGroup;
			children = (
				080E96DDFE201D6D7F000001 /* Classes */,
				29B97315FDCFA39411CA2CEA /* Other Sources */,
				29B97317FDCFA39411CA2CEA /* Resources */,
				29B97323FDCFA39411CA2CEA /* Frameworks */,
				19C28FACFE9D520D11CA2CBB /* Products */,
			);
			name = CustomTemplate;
			sourceTree = "<group>";
		};
		29B97315FDCFA39411CA2CEA /* Other Sources */ = {
			isa = PBXGroup;
			children = (
				439AA5A81214E92E004AC2E4 /* Makefile */,
				32CA4F630368D1EE00C91783 /* iAUM_Prefix.pch */,
				29B97316FDCFA39411CA2CEA /* main.m */,
				43CA490612116E980008B320 /* iAUMConstants.h */,
			);
			name = "Other Sources";
			sourceTree = "<group>";
		};
		29B97317FDCFA39411CA2CEA /* Resources */ = {
			isa = PBXGroup;
			children = (
				7FE4B59B12195D5900B2FFA1 /* images */,
				8D1107310486CEB800E47090 /* iAUM-Info.plist */,
			);
			name = Resources;
			sourceTree = "<group>";
		};
		29B97323FDCFA39411CA2CEA /* Frameworks */ = {
			isa = PBXGroup;
			children = (
				1DF5F4DF0D08C38300B7A737 /* UIKit.framework */,
				1D30AB110D05D00D00671497 /* Foundation.framework */,
				288765FC0DF74451002DB57D /* CoreGraphics.framework */,
				43CA44AA120F2BC40008B320 /* libSystem.dylib */,
				43AF7A8812174E2100AFE61E /* QuartzCore.framework */,
			);
			name = Frameworks;
			sourceTree = "<group>";
		};
		435E823512198749001F6FE9 /* common */ = {
			isa = PBXGroup;
			children = (
				435E82331219872D001F6FE9 /* actionViewProfile.png */,
			);
			name = common;
			sourceTree = "<group>";
		};
		439AA7A51216BC76004AC2E4 /* Views */ = {
			isa = PBXGroup;
			children = (
				43AF7BE112180B8900AFE61E /* ABTableViewCell.h */,
				43AF7BE212180B8900AFE61E /* ABTableViewCell.m */,
				43CA47C81210BB580008B320 /* SettingsDetailCell.h */,
				43CA47C91210BB580008B320 /* SettingsDetailCell.m */,
				43CA4A921212E5BA0008B320 /* MiniProfileCell.h */,
				43CA4A931212E5BA0008B320 /* MiniProfileCell.m */,
				7FC62DC51218BE750047B588 /* MiniProfileCellActionViewCharms.h */,
				7FC62DC61218BE750047B588 /* MiniProfileCellActionViewCharms.m */,
				435E83371219A6EA001F6FE9 /* iAUMLabel.h */,
				435E83381219A6EA001F6FE9 /* iAUMLabel.m */,
			);
			name = Views;
			sourceTree = "<group>";
		};
		43CA448C120F22E70008B320 /* Client */ = {
			isa = PBXGroup;
			children = (
				43CA4470120F1E370008B320 /* HttpRequest.h */,
				43CA4471120F1E370008B320 /* HttpRequest.m */,
			);
			name = Client;
			sourceTree = "<group>";
		};
		43CA44AE120F2FE90008B320 /* library */ = {
			isa = PBXGroup;
			children = (
				43CA4A361212DA040008B320 /* iAUMSettings.h */,
				43CA4A371212DA040008B320 /* iAUMSettings.m */,
				43CA44AF120F30620008B320 /* iAUMTools.h */,
				43CA44B0120F30620008B320 /* iAUMTools.m */,
				439AA3A2121413A7004AC2E4 /* iAUMCache.h */,
				439AA3A3121413A7004AC2E4 /* iAUMCache.m */,
			);
			name = library;
			sourceTree = "<group>";
		};
		43CA46DB1210172E0008B320 /* JSON */ = {
			isa = PBXGroup;
			children = (
				43CA46DC1210172E0008B320 /* JSON.h */,
				43CA46DD1210172E0008B320 /* NSObject+SBJSON.h */,
				43CA46DE1210172E0008B320 /* NSObject+SBJSON.m */,
				43CA46DF1210172E0008B320 /* NSString+SBJSON.h */,
				43CA46E01210172E0008B320 /* NSString+SBJSON.m */,
				43CA46E11210172E0008B320 /* SBJsonBase.h */,
				43CA46E21210172E0008B320 /* SBJsonBase.m */,
				43CA46E31210172E0008B320 /* SBJsonParser.h */,
				43CA46E41210172E0008B320 /* SBJsonParser.m */,
				43CA46E51210172E0008B320 /* SBJsonWriter.h */,
				43CA46E61210172E0008B320 /* SBJsonWriter.m */,
			);
			path = JSON;
			sourceTree = "<group>";
		};
		43CA46F61210AD4B0008B320 /* ViewControllers */ = {
			isa = PBXGroup;
			children = (
				43CA475F1210B5910008B320 /* SettingsViewController.h */,
				43CA47601210B5910008B320 /* SettingsViewController.m */,
				43CA49BF1212D24F0008B320 /* CharmsViewController.h */,
				43CA49C01212D24F0008B320 /* CharmsViewController.m */,
				439AA39B12140BA0004AC2E4 /* ProfileViewController.h */,
				439AA39C12140BA0004AC2E4 /* ProfileViewController.m */,
				439AA5FF12160B58004AC2E4 /* iAUMListViewController.h */,
				439AA60012160B58004AC2E4 /* iAUMListViewController.m */,
				439AA61B121611D5004AC2E4 /* VisitsViewController.h */,
				439AA61C121611D5004AC2E4 /* VisitsViewController.m */,
				439AA6B112161DDD004AC2E4 /* BasketViewController.h */,
				439AA6B212161DDD004AC2E4 /* BasketViewController.m */,
				435E835C1219A8E5001F6FE9 /* iAUMImageViewer.h */,
				435E835D1219A8E5001F6FE9 /* iAUMImageViewer.m */,
			);
			name = ViewControllers;
			sourceTree = "<group>";
		};
		7FE4B59B12195D5900B2FFA1 /* images */ = {
			isa = PBXGroup;
			children = (
				7FE4B5EF12196B8E00B2FFA1 /* actionViewCharmBgPattern.png */,
				7FE4B59C12195D5900B2FFA1 /* icons */,
				7FE4B5A712195D5900B2FFA1 /* icon.png */,
				7FE4B5A812195D5900B2FFA1 /* ItunesArtwork.png */,
				7FE4B5A912195D5900B2FFA1 /* charmActionViewBG.png */,
			);
			path = images;
			sourceTree = "<group>";
		};
		7FE4B59C12195D5900B2FFA1 /* icons */ = {
			isa = PBXGroup;
			children = (
				7FE4B59D12195D5900B2FFA1 /* tabBar */,
				7FE4B5A212195D5900B2FFA1 /* actionView */,
			);
			path = icons;
			sourceTree = "<group>";
		};
		7FE4B59D12195D5900B2FFA1 /* tabBar */ = {
			isa = PBXGroup;
			children = (
				7FE4B59E12195D5900B2FFA1 /* tabBarSettings.png */,
				7FE4B59F12195D5900B2FFA1 /* tabBarVisits.png */,
				7FE4B5A012195D5900B2FFA1 /* tabBarBasket.png */,
				7FE4B5A112195D5900B2FFA1 /* tabBarCharms.png */,
			);
			path = tabBar;
			sourceTree = "<group>";
		};
		7FE4B5A212195D5900B2FFA1 /* actionView */ = {
			isa = PBXGroup;
			children = (
				435E823512198749001F6FE9 /* common */,
				7FE4B5A312195D5900B2FFA1 /* charm */,
			);
			path = actionView;
			sourceTree = "<group>";
		};
		7FE4B5A312195D5900B2FFA1 /* charm */ = {
			isa = PBXGroup;
			children = (
				7FE4B5A412195D5900B2FFA1 /* actionViewCharmAcceptSelected.png */,
				7FE4B5A512195D5900B2FFA1 /* actionViewCharmAcceptNormal.png */,
				7FE4B5A612195D5900B2FFA1 /* actionViewCharmAcceptHighlighted.png */,
			);
			path = charm;
			sourceTree = "<group>";
		};
/* End PBXGroup section */

/* Begin PBXNativeTarget section */
		1D6058900D05DD3D006BFB54 /* iAUM */ = {
			isa = PBXNativeTarget;
			buildConfigurationList = 1D6058960D05DD3E006BFB54 /* Build configuration list for PBXNativeTarget "iAUM" */;
			buildPhases = (
				1D60588D0D05DD3D006BFB54 /* Resources */,
				1D60588E0D05DD3D006BFB54 /* Sources */,
				1D60588F0D05DD3D006BFB54 /* Frameworks */,
			);
			buildRules = (
			);
			dependencies = (
			);
			name = iAUM;
			productName = iAUM;
			productReference = 1D6058910D05DD3D006BFB54 /* iAUM.app */;
			productType = "com.apple.product-type.application";
		};
/* End PBXNativeTarget section */

/* Begin PBXProject section */
		29B97313FDCFA39411CA2CEA /* Project object */ = {
			isa = PBXProject;
			buildConfigurationList = C01FCF4E08A954540054247B /* Build configuration list for PBXProject "iAUM" */;
			compatibilityVersion = "Xcode 3.2";
			hasScannedForEncodings = 1;
			mainGroup = 29B97314FDCFA39411CA2CEA /* CustomTemplate */;
			projectDirPath = "";
			projectRoot = "";
			targets = (
				1D6058900D05DD3D006BFB54 /* iAUM */,
			);
		};
/* End PBXProject section */

/* Begin PBXResourcesBuildPhase section */
		1D60588D0D05DD3D006BFB54 /* Resources */ = {
			isa = PBXResourcesBuildPhase;
			buildActionMask = 2147483647;
			files = (
				7FE4B5AA12195D5900B2FFA1 /* tabBarSettings.png in Resources */,
				7FE4B5AB12195D5900B2FFA1 /* tabBarVisits.png in Resources */,
				7FE4B5AC12195D5900B2FFA1 /* tabBarBasket.png in Resources */,
				7FE4B5AD12195D5900B2FFA1 /* tabBarCharms.png in Resources */,
				7FE4B5AE12195D5900B2FFA1 /* actionViewCharmAcceptSelected.png in Resources */,
				7FE4B5AF12195D5900B2FFA1 /* actionViewCharmAcceptNormal.png in Resources */,
				7FE4B5B012195D5900B2FFA1 /* actionViewCharmAcceptHighlighted.png in Resources */,
				7FE4B5B112195D5900B2FFA1 /* icon.png in Resources */,
				7FE4B5B212195D5900B2FFA1 /* ItunesArtwork.png in Resources */,
				7FE4B5B312195D5900B2FFA1 /* charmActionViewBG.png in Resources */,
				7FE4B5F012196B8E00B2FFA1 /* actionViewCharmBgPattern.png in Resources */,
				435E82341219872D001F6FE9 /* actionViewProfile.png in Resources */,
			);
			runOnlyForDeploymentPostprocessing = 0;
		};
/* End PBXResourcesBuildPhase section */

/* Begin PBXSourcesBuildPhase section */
		1D60588E0D05DD3D006BFB54 /* Sources */ = {
			isa = PBXSourcesBuildPhase;
			buildActionMask = 2147483647;
			files = (
				1D60589B0D05DD56006BFB54 /* main.m in Sources */,
				1D3623260D0F684500981E51 /* iAUMAppDelegate.m in Sources */,
				43CA4472120F1E370008B320 /* HttpRequest.m in Sources */,
				43CA44B1120F30620008B320 /* iAUMTools.m in Sources */,
				43CA46E71210172E0008B320 /* NSObject+SBJSON.m in Sources */,
				43CA46E81210172E0008B320 /* NSString+SBJSON.m in Sources */,
				43CA46E91210172E0008B320 /* SBJsonBase.m in Sources */,
				43CA46EA1210172E0008B320 /* SBJsonParser.m in Sources */,
				43CA46EB1210172E0008B320 /* SBJsonWriter.m in Sources */,
				43CA47611210B5910008B320 /* SettingsViewController.m in Sources */,
				43CA47CA1210BB580008B320 /* SettingsDetailCell.m in Sources */,
				43CA49C11212D24F0008B320 /* CharmsViewController.m in Sources */,
				43CA4A381212DA040008B320 /* iAUMSettings.m in Sources */,
				43CA4A941212E5BA0008B320 /* MiniProfileCell.m in Sources */,
				439AA39D12140BA0004AC2E4 /* ProfileViewController.m in Sources */,
				439AA3A4121413A7004AC2E4 /* iAUMCache.m in Sources */,
				439AA5A91214E92E004AC2E4 /* Makefile in Sources */,
				439AA60112160B58004AC2E4 /* iAUMListViewController.m in Sources */,
				439AA61D121611D5004AC2E4 /* VisitsViewController.m in Sources */,
				439AA6B312161DDD004AC2E4 /* BasketViewController.m in Sources */,
				43AF7BE312180B8900AFE61E /* ABTableViewCell.m in Sources */,
				7FC62DC71218BE750047B588 /* MiniProfileCellActionViewCharms.m in Sources */,
				435E83391219A6EA001F6FE9 /* iAUMLabel.m in Sources */,
				435E835E1219A8E5001F6FE9 /* iAUMImageViewer.m in Sources */,
			);
			runOnlyForDeploymentPostprocessing = 0;
		};
/* End PBXSourcesBuildPhase section */

/* Begin XCBuildConfiguration section */
		1D6058940D05DD3E006BFB54 /* Debug */ = {
			isa = XCBuildConfiguration;
			buildSettings = {
				ALWAYS_SEARCH_USER_PATHS = NO;
				COPY_PHASE_STRIP = NO;
				GCC_DYNAMIC_NO_PIC = NO;
				GCC_OPTIMIZATION_LEVEL = 0;
				GCC_PRECOMPILE_PREFIX_HEADER = YES;
				GCC_PREFIX_HEADER = iAUM_Prefix.pch;
				INFOPLIST_FILE = "iAUM-Info.plist";
				PRODUCT_NAME = iAUM;
			};
			name = Debug;
		};
		1D6058950D05DD3E006BFB54 /* Release */ = {
			isa = XCBuildConfiguration;
			buildSettings = {
				ALWAYS_SEARCH_USER_PATHS = NO;
				COPY_PHASE_STRIP = YES;
				GCC_PRECOMPILE_PREFIX_HEADER = YES;
				GCC_PREFIX_HEADER = iAUM_Prefix.pch;
				INFOPLIST_FILE = "iAUM-Info.plist";
				PRODUCT_NAME = iAUM;
				VALIDATE_PRODUCT = YES;
			};
			name = Release;
		};
		C01FCF4F08A954540054247B /* Debug */ = {
			isa = XCBuildConfiguration;
			buildSettings = {
				ARCHS = "$(ARCHS_STANDARD_32_BIT)";
				"CODE_SIGN_IDENTITY[sdk=iphoneos*]" = "iPhone Developer";
				GCC_C_LANGUAGE_STANDARD = c99;
				GCC_WARN_ABOUT_RETURN_TYPE = YES;
				GCC_WARN_UNUSED_VARIABLE = YES;
				PREBINDING = NO;
				SDKROOT = iphoneos4.0;
			};
			name = Debug;
		};
		C01FCF5008A954540054247B /* Release */ = {
			isa = XCBuildConfiguration;
			buildSettings = {
				ARCHS = "$(ARCHS_STANDARD_32_BIT)";
				"CODE_SIGN_IDENTITY[sdk=iphoneos*]" = "iPhone Developer";
				GCC_C_LANGUAGE_STANDARD = c99;
				GCC_WARN_ABOUT_RETURN_TYPE = YES;
				GCC_WARN_UNUSED_VARIABLE = YES;
				OTHER_CFLAGS = "-DNS_BLOCK_ASSERTIONS=1";
				PREBINDING = NO;
				SDKROOT = iphoneos4.0;
			};
			name = Release;
		};
/* End XCBuildConfiguration section */

/* Begin XCConfigurationList section */
		1D6058960D05DD3E006BFB54 /* Build configuration list for PBXNativeTarget "iAUM" */ = {
			isa = XCConfigurationList;
			buildConfigurations = (
				1D6058940D05DD3E006BFB54 /* Debug */,
				1D6058950D05DD3E006BFB54 /* Release */,
			);
			defaultConfigurationIsVisible = 0;
			defaultConfigurationName = Release;
		};
		C01FCF4E08A954540054247B /* Build configuration list for PBXProject "iAUM" */ = {
			isa = XCConfigurationList;
			buildConfigurations = (
				C01FCF4F08A954540054247B /* Debug */,
				C01FCF5008A954540054247B /* Release */,
			);
			defaultConfigurationIsVisible = 0;
			defaultConfigurationName = Release;
		};
/* End XCConfigurationList section */
	};
	rootObject = 29B97313FDCFA39411CA2CEA /* Project object */;
}
